
Microsoft Visual Studio Solution File, Format Version 12.00
# Visual Studio 14
VisualStudioVersion = 14.0.24720.0
MinimumVisualStudioVersion = 10.0.40219.1
Project("{FAE04EC0-301F-11D3-BF4B-00C04F79EFBC}") = "TDD_HomeWork_Day1", "TDD_HomeWork_Day1\TDD_HomeWork_Day1.csproj", "{FC619B9A-679F-4C4B-8F20-938890BB53E4}"
EndProject
Project("{FAE04EC0-301F-11D3-BF4B-00C04F79EFBC}") = "TDD_HomeWork_Day1_Tests", "TDD_HomeWork_Day1_Tests\TDD_HomeWork_Day1_Tests.csproj", "{341732E1-95E3-4A27-9E2A-4FDBF8E72B9A}"
EndProject
Global
	GlobalSection(SolutionConfigurationPlatforms) = preSolution
		Debug|Any CPU = Debug|Any CPU
		Release|Any CPU = Release|Any CPU
	EndGlobalSection
	GlobalSection(ProjectConfigurationPlatforms) = postSolution
		{FC619B9A-679F-4C4B-8F20-938890BB53E4}.Debug|Any CPU.ActiveCfg = Debug|Any CPU
		{FC619B9A-679F-4C4B-8F20-938890BB53E4}.Debug|Any CPU.Build.0 = Debug|Any CPU
		{FC619B9A-679F-4C4B-8F20-938890BB53E4}.Release|Any CPU.ActiveCfg = Release|Any CPU
		{FC619B9A-679F-4C4B-8F20-938890BB53E4}.Release|Any CPU.Build.0 = Release|Any CPU
		{341732E1-95E3-4A27-9E2A-4FDBF8E72B9A}.Debug|Any CPU.ActiveCfg = Debug|Any CPU
		{341732E1-95E3-4A27-9E2A-4FDBF8E72B9A}.Debug|Any CPU.Build.0 = Debug|Any CPU
		{341732E1-95E3-4A27-9E2A-4FDBF8E72B9A}.Release|Any CPU.ActiveCfg = Release|Any CPU
		{341732E1-95E3-4A27-9E2A-4FDBF8E72B9A}.Release|Any CPU.Build.0 = Release|Any CPU
	EndGlobalSection
	GlobalSection(SolutionProperties) = preSolution
		HideSolutionNode = FALSE
	EndGlobalSection
EndGlobal
